
Microsoft Visual Studio Solution File, Format Version 12.00
# Visual Studio 15
VisualStudioVersion = 15.0.26730.16
MinimumVisualStudioVersion = 10.0.40219.1
Project("{8BC9CEB8-8B4A-11D0-8D11-00A0C91BC942}") = "Project 3 COSC 214", "Project 3 COSC 214\Project 3 COSC 214.vcxproj", "{297EF8A0-2CDA-4243-BEA2-17D74DE2EF6C}"
EndProject
Global
	GlobalSection(SolutionConfigurationPlatforms) = preSolution
		Debug|x64 = Debug|x64
		Debug|x86 = Debug|x86
		Release|x64 = Release|x64
		Release|x86 = Release|x86
	EndGlobalSection
	GlobalSection(ProjectConfigurationPlatforms) = postSolution
		{297EF8A0-2CDA-4243-BEA2-17D74DE2EF6C}.Debug|x64.ActiveCfg = Debug|x64
		{297EF8A0-2CDA-4243-BEA2-17D74DE2EF6C}.Debug|x64.Build.0 = Debug|x64
		{297EF8A0-2CDA-4243-BEA2-17D74DE2EF6C}.Debug|x86.ActiveCfg = Debug|Win32
		{297EF8A0-2CDA-4243-BEA2-17D74DE2EF6C}.Debug|x86.Build.0 = Debug|Win32
		{297EF8A0-2CDA-4243-BEA2-17D74DE2EF6C}.Release|x64.ActiveCfg = Release|x64
		{297EF8A0-2CDA-4243-BEA2-17D74DE2EF6C}.Release|x64.Build.0 = Release|x64
		{297EF8A0-2CDA-4243-BEA2-17D74DE2EF6C}.Release|x86.ActiveCfg = Release|Win32
		{297EF8A0-2CDA-4243-BEA2-17D74DE2EF6C}.Release|x86.Build.0 = Release|Win32
	EndGlobalSection
	GlobalSection(SolutionProperties) = preSolution
		HideSolutionNode = FALSE
	EndGlobalSection
	GlobalSection(ExtensibilityGlobals) = postSolution
		SolutionGuid = {2D1AADB1-7EE1-4D60-AA5E-671472A55847}
	EndGlobalSection
EndGlobal
